# THIS IS AN AUTOGENERATED FILE. DO NOT EDIT THIS FILE DIRECTLY.
# yarn lockfile v1


countries-list@^2.6.1:
  version "2.6.1"
  resolved "https://registry.yarnpkg.com/countries-list/-/countries-list-2.6.1.tgz#d479757ac873b1e596ccea0a925962d20396c0cb"
  integrity sha512-jXM1Nv3U56dPQ1DsUSsEaGmLHburo4fnB7m+1yhWDUVvx5gXCd1ok/y3gXCjXzhqyawG+igcPYcAl4qjkvopaQ==
